lockfileVersion: 5.3

specifiers:
  '@meshtastic/meshtasticjs': ^0.6.21
  '@prisma/client': ^3.3.0
  '@tinyhttp/app': ^2.0.12
  '@types/node': ^16.11.6
  prisma: ^3.3.0
  tsm: ^2.1.4

dependencies:
  '@meshtastic/meshtasticjs': link:../meshtastic.js
  '@prisma/client': 3.3.0_prisma@3.3.0
  '@tinyhttp/app': 2.0.12
  prisma: 3.3.0

devDependencies:
  '@types/node': 16.11.6
  tsm: 2.1.4

packages:

  /@prisma/client/3.3.0_prisma@3.3.0:
    resolution: {integrity: sha512-34tonDW2v74VcG1mx+k/IUGG/eSHKwDiYKfFIZgaPLq/C0h8YQxh7pro272xpOf1pt6duX1Bi90dpGijh1MYgQ==}
    engines: {node: '>=12.6'}
    requiresBuild: true
    peerDependencies:
      prisma: '*'
    peerDependenciesMeta:
      prisma:
        optional: true
    dependencies:
      '@prisma/engines-version': 3.3.0-30.33838b0f78f1fe9052cf9a00e9761c9dc097a63c
      prisma: 3.3.0
    dev: false

  /@prisma/engines-version/3.3.0-30.33838b0f78f1fe9052cf9a00e9761c9dc097a63c:
    resolution: {integrity: sha512-g21xPYq0zHoJ/xUkNxIf5Hle0oiDyelZHU8gwq7J3RNVrccjbUZ28S99KT4yUabV8SQQRNSnR0QMLGMv9Eqs/A==}
    dev: false

  /@prisma/engines/3.3.0-30.33838b0f78f1fe9052cf9a00e9761c9dc097a63c:
    resolution: {integrity: sha512-T3nEnRWmoneNZJPd9IBR29G8ZDUjNelA8+cG5y8/lh6vySm6ryWSNxj1s377U9YzFYyZmXiA9vK1iyxMoRff/g==}
    requiresBuild: true
    dev: false

  /@tinyhttp/accepts/2.0.4:
    resolution: {integrity: sha512-Qz+ReA+DaXCNKdzicVZhl4qUhGpLKQ8vYNMU+pm3PtSBwY32wXw+k0nh6+XBhrKnZ4/o8QeMCV5x7XTtJfW//Q==}
    engines: {node: '>=12.4.0'}
    dependencies:
      es-mime-types: 0.1.4
      negotiator: 0.6.2
    dev: false

  /@tinyhttp/app/2.0.12:
    resolution: {integrity: sha512-8Vjx1FPAqgLfjEHngAA0kWiodFmf6lInhUzCEqeucQgosYxMBo+89zmzNR4cSRCvNLq6Unvqvlwl1JJztFrbYw==}
    engines: {node: '>=12.x'}
    dependencies:
      '@tinyhttp/cookie': 2.0.3
      '@tinyhttp/proxy-addr': 2.0.2
      '@tinyhttp/req': 2.0.8
      '@tinyhttp/res': 2.0.9
      '@tinyhttp/router': 2.0.4
      header-range-parser: 1.1.1
      regexparam: 2.0.0
    dev: false

  /@tinyhttp/content-disposition/2.0.4:
    resolution: {integrity: sha512-SGU8nVfDbiJa5eCA7BWUEMjSaf/b6nLQHEzuzmKhA3BIGHuBWXSIcr1dGeLopmohQoZkIQfk5psM5TOgVgrraA==}
    engines: {node: '>=12.4.0'}
    dev: false

  /@tinyhttp/cookie-signature/2.0.2:
    resolution: {integrity: sha512-lyIdDzLILp6T2fymJn9zKBgXwlZMIUiqMUIEd4x/ZGFNvnNs/zeYDBQFdAygBtv4Bgl5Zpf6tN+e6fkj6TlMYQ==}
    engines: {node: '>=12.4.0'}
    dev: false

  /@tinyhttp/cookie/2.0.3:
    resolution: {integrity: sha512-ZHvDHyNc0VwKLgFqwCNbrMObJqJHKQNnMARdPlK2+VvKVB3h/ZT5kYAXYFxxWFJFNqXaXz0E7i2kX32bMeMGUw==}
    engines: {node: '>=12.4.0'}
    dev: false

  /@tinyhttp/encode-url/2.0.3:
    resolution: {integrity: sha512-bAKjBLhYTZZgLphZ9B09Q8bQ39RejEiB1+3Rjjmkb/Q2cIKOWvRNTgkeQ3D6ITefxW9KMPE9eab51PPYhFbvbg==}
    engines: {node: '>=12.4.0'}
    dev: false

  /@tinyhttp/etag/2.0.2:
    resolution: {integrity: sha512-utxkv5skxWJESUAKZk7F11DcgBiE4vBXiPfnWZcGNZDa6T372V2ESUD2Y7fV85bsC1/4ZrnnmS7lg9Nd401oLw==}
    engines: {node: '>=12.4.0'}
    dev: false

  /@tinyhttp/forwarded/2.0.2:
    resolution: {integrity: sha512-q+l7xMyN7buYjUfWbepLM36lI7FZmv+sm0arqzFGrTVWfEbKLiHTv+5c7H3O8/aYcxuyR4cBUrmwT6jw4dZhFw==}
    engines: {node: '>=12.4.0'}
    dev: false

  /@tinyhttp/proxy-addr/2.0.2:
    resolution: {integrity: sha512-wuXpzG9XsUQ2/YvCL5BSvp1JXc5HIuXlVJhMqdC0wv8iKF3hHv62H5XVd/wvzo/OWgiqt4hjxA4wITzND5Ed+g==}
    engines: {node: '>=12.4.0'}
    dependencies:
      '@tinyhttp/forwarded': 2.0.2
      ipaddr.js: 2.0.1
    dev: false

  /@tinyhttp/req/2.0.8:
    resolution: {integrity: sha512-Hndl83KEHJd2oDw2kdg1NmroYj1fjPBRpVXbgmbJ3+Yz5yInaugnbD1FAjL2sPX0ZMwDF+x3wlBrULRGQzccxw==}
    engines: {node: '>=12.4.0'}
    dependencies:
      '@tinyhttp/accepts': 2.0.4
      '@tinyhttp/type-is': 2.0.3
      '@tinyhttp/url': 2.0.3
      es-fresh: 0.0.10
      header-range-parser: 1.1.1
    dev: false

  /@tinyhttp/res/2.0.9:
    resolution: {integrity: sha512-twHhwFiGah3i9erm9Ky7fIxVYTmE7qJCNp1F11XkYHx6ZrG6gNR/xDcsmde8cak+jJOrLBX62rjcSSAMUqPpZQ==}
    engines: {node: '>=12.4.0'}
    dependencies:
      '@tinyhttp/content-disposition': 2.0.4
      '@tinyhttp/cookie': 2.0.3
      '@tinyhttp/cookie-signature': 2.0.2
      '@tinyhttp/encode-url': 2.0.3
      '@tinyhttp/req': 2.0.8
      '@tinyhttp/send': 2.0.3
      es-escape-html: 0.1.1
      es-mime-types: 0.1.4
      es-vary: 0.1.1
    dev: false

  /@tinyhttp/router/2.0.4:
    resolution: {integrity: sha512-mO8jWrB951UTkX8akzhHa5UMjQKleNhbQDnd4EZSA7VOXE9n28tqHmYgg1G/czDL6gwRl6Bppj5crJIbvMDGwg==}
    engines: {node: '>=12.4.0'}
    dev: false

  /@tinyhttp/send/2.0.3:
    resolution: {integrity: sha512-oU4Q6NJzXJeOVCdYbgtOFlq5viEpKUFkZVpbF5AqFD64yzPp2vX9MuiSVvrIzL9Ls2qR+OzWsrwuXIkKzjW+xg==}
    engines: {node: '>=12.4.0'}
    dependencies:
      '@tinyhttp/etag': 2.0.2
      es-content-type: 0.1.0
      es-mime-types: 0.1.4
    dev: false

  /@tinyhttp/type-is/2.0.3:
    resolution: {integrity: sha512-vmOvbI7dSue4oV5JRbEpgJGgsfQE/Gd6eqEIhdeRO0jcVUzJaYx2/XvBGbBG9Mo8MGFjiEiq7qBzeOFctCmXBw==}
    engines: {node: '>=12.4.0'}
    dependencies:
      es-content-type: 0.1.0
      es-mime-types: 0.1.4
    dev: false

  /@tinyhttp/url/2.0.3:
    resolution: {integrity: sha512-0KRWSE0W4hjejHJ1ksmUIIp3Rvn/6nDa5sYQ7gjwsixYQ8J8vTSOtPI7FOkH9M/evsnCGrCYp5JNBnqTjkShTw==}
    engines: {node: '>=12.4.0'}
    dev: false

  /@types/node/16.11.6:
    resolution: {integrity: sha512-ua7PgUoeQFjmWPcoo9khiPum3Pd60k4/2ZGXt18sm2Slk0W0xZTqt5Y0Ny1NyBiN1EVQ/+FaF9NcY4Qe6rwk5w==}
    dev: true

  /es-content-type/0.1.0:
    resolution: {integrity: sha512-DqWU9pSzhNlO10q+NQ/KebImLkKbwbcy0pSv3hNQfEpKFHsrqDJz2vajpZdq7nkiG9DoJcTh22oHGymp7XJd9g==}
    engines: {node: '>=12.x'}
    dev: false

  /es-escape-html/0.1.1:
    resolution: {integrity: sha512-yUx1o+8RsG7UlszmYPtks+dm6Lho2m8lgHMOsLJQsFI0R8XwUJwiMhM1M4E/S8QLeGyf6MkDV/pWgjQ0tdTSyQ==}
    engines: {node: '>=12.x'}
    dev: false

  /es-fresh/0.0.10:
    resolution: {integrity: sha512-/e5etUqtxj7JktALldpsDNC84DOHavN9PqojnTTGeX1M2/Q4/SF8d55d7AsB3n66WYS43hdBbn0sAllto5kSIg==}
    engines: {node: '>=12.x'}
    dev: false

  /es-mime-types/0.1.4:
    resolution: {integrity: sha512-rUrmfrUIHU/4ykYB+YH80LDiSpmn6sE/A9E8EsFZP4LCtf/PH+ju6d6goFJ8fsGf81pRtQn1cJSmp8JGA9YkfQ==}
    engines: {node: '>=12.x'}
    dependencies:
      mime-db: 1.50.0
    dev: false

  /es-vary/0.1.1:
    resolution: {integrity: sha512-4UOWrTu8lz5otSyWxcS0LbYz8WyYOEiWHGkBIu0VfhTsY+vtc7+fOSDHsxtEUBeu7mDnTwqsKg5NEXeq5Da1Hg==}
    engines: {node: '>=12.x'}
    dev: false

  /esbuild-android-arm64/0.13.11:
    resolution: {integrity: sha512-5D6wfGwqbYcsj2Rtsdilt7TFi1i2vo/OcDNc+bBzdveQ0dgsXq07ImnHZ1fjKCjvQrjZz2oDCvKyMso3YyTEtQ==}
    cpu: [arm64]
    os: [android]
    requiresBuild: true
    dev: true
    optional: true

  /esbuild-darwin-64/0.13.11:
    resolution: {integrity: sha512-5SLEfyBVyTjTWBD8bMUsCsFmiiYQQhcA29mjOfooPVbk8Xq4pc0Cl8l+XQStO5ntnX5xh8su+z4LGCJ15rE2Gw==}
    cpu: [x64]
    os: [darwin]
    requiresBuild: true
    dev: true
    optional: true

  /esbuild-darwin-arm64/0.13.11:
    resolution: {integrity: sha512-davfRUaAqC1dAaN/Re0yG7wHj30EMw0EzzCoUfIAzuiuwHTJk9vwCZ+eVVz5n7cDy/mtaYLUJTNcmeVnperGIQ==}
    cpu: [arm64]
    os: [darwin]
    requiresBuild: true
    dev: true
    optional: true

  /esbuild-freebsd-64/0.13.11:
    resolution: {integrity: sha512-xQS/TuL7nBWwhYilIUHGhce0dLLMG+fsn8X6r78rDVEuSZPoTmP4ClVkM6uW+3OaKMBrel1VUXnFJ79Mg/n+lw==}
    cpu: [x64]
    os: [freebsd]
    requiresBuild: true
    dev: true
    optional: true

  /esbuild-freebsd-arm64/0.13.11:
    resolution: {integrity: sha512-xU5G1UL/TWhgar9qAjDmnFVRWI//XFTHrG3SCpyhSMgOqrlD0ySgW1SSXEBVHfQu0JIEKQZ0uQpreS0pXt20/A==}
    cpu: [arm64]
    os: [freebsd]
    requiresBuild: true
    dev: true
    optional: true

  /esbuild-linux-32/0.13.11:
    resolution: {integrity: sha512-P2a4eEtpRP6KHzTY30xEVOFpIFVZoa48/bjB+V5jXGRk5iKSsX4Akq3amXotz66GDBSEiaz1uSJ1Nu80HfA1Mw==}
    cpu: [ia32]
    os: [linux]
    requiresBuild: true
    dev: true
    optional: true

  /esbuild-linux-64/0.13.11:
    resolution: {integrity: sha512-Lk5JfLpQhaLGK+h4WFc8GQNP+uX5olqQLcomROlKUjxuAn+T+8+EI6CEX5FANu/Y/QlzC57zfvkxqRRUAZ9bdg==}
    cpu: [x64]
    os: [linux]
    requiresBuild: true
    dev: true
    optional: true

  /esbuild-linux-arm/0.13.11:
    resolution: {integrity: sha512-K+pYBQr5AAyqe0D4GSFzZF3qnoUf2HG6W4ox8L5dYe20fTfq6o9CaRQpcp7nCYzM1ZSOJR1gK/Xzsn1YRp5lpg==}
    cpu: [arm]
    os: [linux]
    requiresBuild: true
    dev: true
    optional: true

  /esbuild-linux-arm64/0.13.11:
    resolution: {integrity: sha512-wOPaXH5Z0qkT2dsm7nWJ44jysXUVQ3IS6a0lXprE3AYLt7PCqATrlXOMwuQngJEMqxxvM9svaI3lTqU+E9sxlQ==}
    cpu: [arm64]
    os: [linux]
    requiresBuild: true
    dev: true
    optional: true

  /esbuild-linux-mips64le/0.13.11:
    resolution: {integrity: sha512-pupByBqNyyfFYfsIpprkie62NdZ424LmMhWWMfLav59DLOoG3Tn9DBam5lLeVX4eW1SCZgsGcfBAoaReCK7TZg==}
    cpu: [mips64el]
    os: [linux]
    requiresBuild: true
    dev: true
    optional: true

  /esbuild-linux-ppc64le/0.13.11:
    resolution: {integrity: sha512-6F5n+XPLBfLjzSWvY32hS0b9UxLMtrcGD+1fCAdzXGSyT4Z35LsDTPZtFHHdczfvaGqsoIaEwbdihoOTg86uow==}
    cpu: [ppc64]
    os: [linux]
    requiresBuild: true
    dev: true
    optional: true

  /esbuild-netbsd-64/0.13.11:
    resolution: {integrity: sha512-0/DInmj0wcFewOmK8Ek8dkMLRev3/9eZyYhruqhZdjWq4hfi9APnn3gOxgj3dDo3Q4Dhc8pFqA9SpxD5KXGH2Q==}
    cpu: [x64]
    os: [netbsd]
    requiresBuild: true
    dev: true
    optional: true

  /esbuild-openbsd-64/0.13.11:
    resolution: {integrity: sha512-QkWZt2D/XGD3gejRTX0mQx3oPuYTdSpLJ4H9cQlsec/WNCRW17DDqb61UE38PozMKO2EfpE+znWc/uLoA7tyGA==}
    cpu: [x64]
    os: [openbsd]
    requiresBuild: true
    dev: true
    optional: true

  /esbuild-sunos-64/0.13.11:
    resolution: {integrity: sha512-mQ6BjPBsajbSzqMJZHodS2Z2UCtrUftFQR/cWPMyL/y7sF/OJwgpG4vif1jxCPB/rgU239fTyIJnwQHblqpkjQ==}
    cpu: [x64]
    os: [sunos]
    requiresBuild: true
    dev: true
    optional: true

  /esbuild-windows-32/0.13.11:
    resolution: {integrity: sha512-CBrsaverrBed3wo+fz9uMtmEaaetUGv29rXbZipFX1wqlFOFFmrA3l97P/4MLOIP8NlOZheVLwEdKWiT5dIV4Q==}
    cpu: [ia32]
    os: [win32]
    requiresBuild: true
    dev: true
    optional: true

  /esbuild-windows-64/0.13.11:
    resolution: {integrity: sha512-Lg3XTGO8jfYEJnnErqbMeXlRd4SiB2gYqsbH828cy8z52fsGOWEfmVyyzRYHFnMOVXHnV9njk8aj/gvdzhXtuQ==}
    cpu: [x64]
    os: [win32]
    requiresBuild: true
    dev: true
    optional: true

  /esbuild-windows-arm64/0.13.11:
    resolution: {integrity: sha512-D9k0+gZhyTreG8UDYV4O/TTA9zcvnCKI+FnoS+Qun+2nD9CDXkLkA2jSJIPAme1dzQoMJpxwkOVWjLXKkMDc+Q==}
    cpu: [arm64]
    os: [win32]
    requiresBuild: true
    dev: true
    optional: true

  /esbuild/0.13.11:
    resolution: {integrity: sha512-LeKT6wgEJX+U78L8O6Me71NtV18pO2iGJv3hBeOPMk+wArxHvQqv/cU8uZ97i+rge25DOrLNKBlzN3ofyoS1sg==}
    hasBin: true
    requiresBuild: true
    optionalDependencies:
      esbuild-android-arm64: 0.13.11
      esbuild-darwin-64: 0.13.11
      esbuild-darwin-arm64: 0.13.11
      esbuild-freebsd-64: 0.13.11
      esbuild-freebsd-arm64: 0.13.11
      esbuild-linux-32: 0.13.11
      esbuild-linux-64: 0.13.11
      esbuild-linux-arm: 0.13.11
      esbuild-linux-arm64: 0.13.11
      esbuild-linux-mips64le: 0.13.11
      esbuild-linux-ppc64le: 0.13.11
      esbuild-netbsd-64: 0.13.11
      esbuild-openbsd-64: 0.13.11
      esbuild-sunos-64: 0.13.11
      esbuild-windows-32: 0.13.11
      esbuild-windows-64: 0.13.11
      esbuild-windows-arm64: 0.13.11
    dev: true

  /header-range-parser/1.1.1:
    resolution: {integrity: sha512-aVuAHdlgxPCMkOtKTdUoH72eAHEAqmZqA+oQxvDv1DkYS50KgCt218AYd89/+Pd7+TFQimzn/9LNVfUPEBbRDQ==}
    engines: {node: '>=12.22.0'}
    dev: false

  /ipaddr.js/2.0.1:
    resolution: {integrity: sha512-1qTgH9NG+IIJ4yfKs2e6Pp1bZg8wbDbKHT21HrLIeYBTRLgMYKnMTPAuI3Lcs61nfx5h1xlXnbJtH1kX5/d/ng==}
    engines: {node: '>= 10'}
    dev: false

  /mime-db/1.50.0:
    resolution: {integrity: sha512-9tMZCDlYHqeERXEHO9f/hKfNXhre5dK2eE/krIvUjZbS2KPcqGDfNShIWS1uW9XOTKQKqK6qbeOci18rbfW77A==}
    engines: {node: '>= 0.6'}
    dev: false

  /negotiator/0.6.2:
    resolution: {integrity: sha512-hZXc7K2e+PgeI1eDBe/10Ard4ekbfrrqG8Ep+8Jmf4JID2bNg7NvCPOZN+kfF574pFQI7mum2AUqDidoKqcTOw==}
    engines: {node: '>= 0.6'}
    dev: false

  /prisma/3.3.0:
    resolution: {integrity: sha512-E7C9mXRwZVpcnSeJT533qGHUVrYULsE9ihFvAtQMuxhTXkxoRlMLyo/1ZOyeu9GdXP8DJ7ruLOw06kEs/N3dVg==}
    engines: {node: '>=12.6'}
    hasBin: true
    requiresBuild: true
    dependencies:
      '@prisma/engines': 3.3.0-30.33838b0f78f1fe9052cf9a00e9761c9dc097a63c
    dev: false

  /regexparam/2.0.0:
    resolution: {integrity: sha512-gJKwd2MVPWHAIFLsaYDZfyKzHNS4o7E/v8YmNf44vmeV2e4YfVoDToTOKTvE7ab68cRJ++kLuEXJBaEeJVt5ow==}
    engines: {node: '>=8'}
    dev: false

  /tsm/2.1.4:
    resolution: {integrity: sha512-gz1zckplzOzHdiY1HVVUoH8bl2eWxbU6uJraB31w1NQ+/kQkjix3ldYHBnWaoNnOL9q8ruS+E2Wckdcw56DzrA==}
    engines: {node: '>=12'}
    hasBin: true
    dependencies:
      esbuild: 0.13.11
    dev: true
