lockfileVersion: 5.3

specifiers:
  '@meshtastic/meshtasticjs': ^0.6.19
  '@prisma/client': ^3.3.0
  '@tinyhttp/app': ^2.0.11
  '@types/node': ^16.11.6
  prisma: ^3.3.0
  tsm: ^2.1.0

dependencies:
  '@meshtastic/meshtasticjs': link:../meshtastic.js
  '@prisma/client': 3.3.0_prisma@3.3.0
  '@tinyhttp/app': 2.0.11
  prisma: 3.3.0

devDependencies:
  '@types/node': 16.11.6
  tsm: 2.1.3

packages:

  /@prisma/client/3.3.0_prisma@3.3.0:
    resolution: {integrity: sha512-34tonDW2v74VcG1mx+k/IUGG/eSHKwDiYKfFIZgaPLq/C0h8YQxh7pro272xpOf1pt6duX1Bi90dpGijh1MYgQ==}
    engines: {node: '>=12.6'}
    requiresBuild: true
    peerDependencies:
      prisma: '*'
    peerDependenciesMeta:
      prisma:
        optional: true
    dependencies:
      '@prisma/engines-version': 3.3.0-30.33838b0f78f1fe9052cf9a00e9761c9dc097a63c
      prisma: 3.3.0
    dev: false

  /@prisma/engines-version/3.3.0-30.33838b0f78f1fe9052cf9a00e9761c9dc097a63c:
    resolution: {integrity: sha512-g21xPYq0zHoJ/xUkNxIf5Hle0oiDyelZHU8gwq7J3RNVrccjbUZ28S99KT4yUabV8SQQRNSnR0QMLGMv9Eqs/A==}
    dev: false

  /@prisma/engines/3.3.0-30.33838b0f78f1fe9052cf9a00e9761c9dc097a63c:
    resolution: {integrity: sha512-T3nEnRWmoneNZJPd9IBR29G8ZDUjNelA8+cG5y8/lh6vySm6ryWSNxj1s377U9YzFYyZmXiA9vK1iyxMoRff/g==}
    requiresBuild: true
    dev: false

  /@tinyhttp/accepts/2.0.4:
    resolution: {integrity: sha512-Qz+ReA+DaXCNKdzicVZhl4qUhGpLKQ8vYNMU+pm3PtSBwY32wXw+k0nh6+XBhrKnZ4/o8QeMCV5x7XTtJfW//Q==}
    engines: {node: '>=12.4.0'}
    dependencies:
      es-mime-types: 0.1.4
      negotiator: 0.6.2
    dev: false

  /@tinyhttp/app/2.0.11:
    resolution: {integrity: sha512-Ueo5+hvjoyaw5darnRan5MaOxHfliOfvI6TnCUBWV/5iWyltYSrW25SpUg49TMvQTbUd7pTAphCE6EQQoYBtbg==}
    engines: {node: '>=12.x'}
    dependencies:
      '@tinyhttp/cookie': 2.0.3
      '@tinyhttp/proxy-addr': 2.0.2
      '@tinyhttp/req': 2.0.8
      '@tinyhttp/res': 2.0.9
      '@tinyhttp/router': 2.0.3
      header-range-parser: 1.1.1
      regexparam: 2.0.0
    dev: false

  /@tinyhttp/content-disposition/2.0.4:
    resolution: {integrity: sha512-SGU8nVfDbiJa5eCA7BWUEMjSaf/b6nLQHEzuzmKhA3BIGHuBWXSIcr1dGeLopmohQoZkIQfk5psM5TOgVgrraA==}
    engines: {node: '>=12.4.0'}
    dev: false

  /@tinyhttp/cookie-signature/2.0.2:
    resolution: {integrity: sha512-lyIdDzLILp6T2fymJn9zKBgXwlZMIUiqMUIEd4x/ZGFNvnNs/zeYDBQFdAygBtv4Bgl5Zpf6tN+e6fkj6TlMYQ==}
    engines: {node: '>=12.4.0'}
    dev: false

  /@tinyhttp/cookie/2.0.3:
    resolution: {integrity: sha512-ZHvDHyNc0VwKLgFqwCNbrMObJqJHKQNnMARdPlK2+VvKVB3h/ZT5kYAXYFxxWFJFNqXaXz0E7i2kX32bMeMGUw==}
    engines: {node: '>=12.4.0'}
    dev: false

  /@tinyhttp/encode-url/2.0.3:
    resolution: {integrity: sha512-bAKjBLhYTZZgLphZ9B09Q8bQ39RejEiB1+3Rjjmkb/Q2cIKOWvRNTgkeQ3D6ITefxW9KMPE9eab51PPYhFbvbg==}
    engines: {node: '>=12.4.0'}
    dev: false

  /@tinyhttp/etag/2.0.2:
    resolution: {integrity: sha512-utxkv5skxWJESUAKZk7F11DcgBiE4vBXiPfnWZcGNZDa6T372V2ESUD2Y7fV85bsC1/4ZrnnmS7lg9Nd401oLw==}
    engines: {node: '>=12.4.0'}
    dev: false

  /@tinyhttp/forwarded/2.0.2:
    resolution: {integrity: sha512-q+l7xMyN7buYjUfWbepLM36lI7FZmv+sm0arqzFGrTVWfEbKLiHTv+5c7H3O8/aYcxuyR4cBUrmwT6jw4dZhFw==}
    engines: {node: '>=12.4.0'}
    dev: false

  /@tinyhttp/proxy-addr/2.0.2:
    resolution: {integrity: sha512-wuXpzG9XsUQ2/YvCL5BSvp1JXc5HIuXlVJhMqdC0wv8iKF3hHv62H5XVd/wvzo/OWgiqt4hjxA4wITzND5Ed+g==}
    engines: {node: '>=12.4.0'}
    dependencies:
      '@tinyhttp/forwarded': 2.0.2
      ipaddr.js: 2.0.1
    dev: false

  /@tinyhttp/req/2.0.8:
    resolution: {integrity: sha512-Hndl83KEHJd2oDw2kdg1NmroYj1fjPBRpVXbgmbJ3+Yz5yInaugnbD1FAjL2sPX0ZMwDF+x3wlBrULRGQzccxw==}
    engines: {node: '>=12.4.0'}
    dependencies:
      '@tinyhttp/accepts': 2.0.4
      '@tinyhttp/type-is': 2.0.3
      '@tinyhttp/url': 2.0.3
      es-fresh: 0.0.10
      header-range-parser: 1.1.1
    dev: false

  /@tinyhttp/res/2.0.9:
    resolution: {integrity: sha512-twHhwFiGah3i9erm9Ky7fIxVYTmE7qJCNp1F11XkYHx6ZrG6gNR/xDcsmde8cak+jJOrLBX62rjcSSAMUqPpZQ==}
    engines: {node: '>=12.4.0'}
    dependencies:
      '@tinyhttp/content-disposition': 2.0.4
      '@tinyhttp/cookie': 2.0.3
      '@tinyhttp/cookie-signature': 2.0.2
      '@tinyhttp/encode-url': 2.0.3
      '@tinyhttp/req': 2.0.8
      '@tinyhttp/send': 2.0.3
      es-escape-html: 0.1.1
      es-mime-types: 0.1.4
      es-vary: 0.1.1
    dev: false

  /@tinyhttp/router/2.0.3:
    resolution: {integrity: sha512-WwZqSOv4bJmzMQgP66No0ZUiTpiysQAn6ubmsf8iqO+SWyPeKD5kemAfGnHoPl1dRtvZa4Zi+0uxxDMc963I7A==}
    engines: {node: '>=12.4.0'}
    dev: false

  /@tinyhttp/send/2.0.3:
    resolution: {integrity: sha512-oU4Q6NJzXJeOVCdYbgtOFlq5viEpKUFkZVpbF5AqFD64yzPp2vX9MuiSVvrIzL9Ls2qR+OzWsrwuXIkKzjW+xg==}
    engines: {node: '>=12.4.0'}
    dependencies:
      '@tinyhttp/etag': 2.0.2
      es-content-type: 0.1.0
      es-mime-types: 0.1.4
    dev: false

  /@tinyhttp/type-is/2.0.3:
    resolution: {integrity: sha512-vmOvbI7dSue4oV5JRbEpgJGgsfQE/Gd6eqEIhdeRO0jcVUzJaYx2/XvBGbBG9Mo8MGFjiEiq7qBzeOFctCmXBw==}
    engines: {node: '>=12.4.0'}
    dependencies:
      es-content-type: 0.1.0
      es-mime-types: 0.1.4
    dev: false

  /@tinyhttp/url/2.0.3:
    resolution: {integrity: sha512-0KRWSE0W4hjejHJ1ksmUIIp3Rvn/6nDa5sYQ7gjwsixYQ8J8vTSOtPI7FOkH9M/evsnCGrCYp5JNBnqTjkShTw==}
    engines: {node: '>=12.4.0'}
    dev: false

  /@types/node/16.11.6:
    resolution: {integrity: sha512-ua7PgUoeQFjmWPcoo9khiPum3Pd60k4/2ZGXt18sm2Slk0W0xZTqt5Y0Ny1NyBiN1EVQ/+FaF9NcY4Qe6rwk5w==}
    dev: true

  /es-content-type/0.1.0:
    resolution: {integrity: sha512-DqWU9pSzhNlO10q+NQ/KebImLkKbwbcy0pSv3hNQfEpKFHsrqDJz2vajpZdq7nkiG9DoJcTh22oHGymp7XJd9g==}
    engines: {node: '>=12.x'}
    dev: false

  /es-escape-html/0.1.1:
    resolution: {integrity: sha512-yUx1o+8RsG7UlszmYPtks+dm6Lho2m8lgHMOsLJQsFI0R8XwUJwiMhM1M4E/S8QLeGyf6MkDV/pWgjQ0tdTSyQ==}
    engines: {node: '>=12.x'}
    dev: false

  /es-fresh/0.0.10:
    resolution: {integrity: sha512-/e5etUqtxj7JktALldpsDNC84DOHavN9PqojnTTGeX1M2/Q4/SF8d55d7AsB3n66WYS43hdBbn0sAllto5kSIg==}
    engines: {node: '>=12.x'}
    dev: false

  /es-mime-types/0.1.4:
    resolution: {integrity: sha512-rUrmfrUIHU/4ykYB+YH80LDiSpmn6sE/A9E8EsFZP4LCtf/PH+ju6d6goFJ8fsGf81pRtQn1cJSmp8JGA9YkfQ==}
    engines: {node: '>=12.x'}
    dependencies:
      mime-db: 1.50.0
    dev: false

  /es-vary/0.1.1:
    resolution: {integrity: sha512-4UOWrTu8lz5otSyWxcS0LbYz8WyYOEiWHGkBIu0VfhTsY+vtc7+fOSDHsxtEUBeu7mDnTwqsKg5NEXeq5Da1Hg==}
    engines: {node: '>=12.x'}
    dev: false

  /esbuild-android-arm64/0.13.9:
    resolution: {integrity: sha512-Ty0hKldtjJVLHwUwbKR4GFPiXBo5iQ3aE1OLBar9lh3myaRkUGEb+Ypl74LEKa0+t/9lS3Ev1N5+5P2Sq6UvNQ==}
    cpu: [arm64]
    os: [android]
    requiresBuild: true
    dev: true
    optional: true

  /esbuild-darwin-64/0.13.9:
    resolution: {integrity: sha512-Ay0/b98v0oYp3ApXNQ7QPbaSkCT9WjBU6h8bMB1SYrQ/PmHgwph91fb9V0pfOLKK1rYWypfrNbI0MyT2tWN+rQ==}
    cpu: [x64]
    os: [darwin]
    requiresBuild: true
    dev: true
    optional: true

  /esbuild-darwin-arm64/0.13.9:
    resolution: {integrity: sha512-nJB8chaJdWathCe6EyIiMIqfyEzbuXPyNsPlL3bYRB1zFCF8feXT874D4IHbJ/w8B6BpY3sM1Clr/I/DK8E4ow==}
    cpu: [arm64]
    os: [darwin]
    requiresBuild: true
    dev: true
    optional: true

  /esbuild-freebsd-64/0.13.9:
    resolution: {integrity: sha512-ktaBujf12XLkVXLGx7WjFcmh1tt34tm7gP4pHkhvbzbHrq+BbXwcl4EsW+5JT9VNKl7slOGf4Qnua/VW7ZcnIw==}
    cpu: [x64]
    os: [freebsd]
    requiresBuild: true
    dev: true
    optional: true

  /esbuild-freebsd-arm64/0.13.9:
    resolution: {integrity: sha512-vVa5zps4dmwpXwv/amxVpIWvFJuUPWQkpV+PYtZUW9lqjXsQ3LBHP51Q1cXZZBIrqwszLsEyJPa5GuDOY15hzQ==}
    cpu: [arm64]
    os: [freebsd]
    requiresBuild: true
    dev: true
    optional: true

  /esbuild-linux-32/0.13.9:
    resolution: {integrity: sha512-HxoW9QNqhO8VW1l7aBiYQH4lobeHq85+blZ4nlZ7sg5CNhGRRwnMlV6S08VYKz6V0YKnHb5OqJxx2HZuTZ7tgQ==}
    cpu: [ia32]
    os: [linux]
    requiresBuild: true
    dev: true
    optional: true

  /esbuild-linux-64/0.13.9:
    resolution: {integrity: sha512-L+eAR8o1lAUr9g64RXnBLuWZjAItAOWSUpvkchpa6QvSnXFA/nG6PgGsOBEqhDXl9qYEpGI0ReDrFkf8ByapvQ==}
    cpu: [x64]
    os: [linux]
    requiresBuild: true
    dev: true
    optional: true

  /esbuild-linux-arm/0.13.9:
    resolution: {integrity: sha512-DT0S+ufCVXatPZHjkCaBgZSFIV8FzY4GEHz/BlkitTWzUvT1dIUXjPIRPnqBUVa+0AyS1bZSfHzv9hTT4LHz7A==}
    cpu: [arm]
    os: [linux]
    requiresBuild: true
    dev: true
    optional: true

  /esbuild-linux-arm64/0.13.9:
    resolution: {integrity: sha512-IjbhZpW5VQYK4nVI4dj/mLvH5oXAIf57OI8BYVkCqrdVXJwR8nVrSqux3zJSY+ElrkOK3DtG9iTPpmqvBXaU0g==}
    cpu: [arm64]
    os: [linux]
    requiresBuild: true
    dev: true
    optional: true

  /esbuild-linux-mips64le/0.13.9:
    resolution: {integrity: sha512-ec9RgAM4r+fe1ZmG16qeMwEHdcIvqeW8tpnpkfSQu9T4487KtQF6lg3TQasTarrLLEe7Qpy+E+r4VwC8eeZySQ==}
    cpu: [mips64el]
    os: [linux]
    requiresBuild: true
    dev: true
    optional: true

  /esbuild-linux-ppc64le/0.13.9:
    resolution: {integrity: sha512-7b2/wg8T1n/L1BgCWlMSez0aXfGkNjFuOqMBQdnTti3LRuUwzGJcrhRf/FdZGJ5/evML9mqu60vLRuXW1TdXCg==}
    cpu: [ppc64]
    os: [linux]
    requiresBuild: true
    dev: true
    optional: true

  /esbuild-netbsd-64/0.13.9:
    resolution: {integrity: sha512-PiZu3h4+Szj0iZPgvuD2Y0isOXnlNetmF6jMcOwW54BScwynW24/baE+z7PfDyNFgjV04Ga2THdcpbKBDhgWQw==}
    cpu: [x64]
    os: [netbsd]
    requiresBuild: true
    dev: true
    optional: true

  /esbuild-openbsd-64/0.13.9:
    resolution: {integrity: sha512-SJKN4Ez+ilY7mu+1gAdGQ9N6dktBfbEkiOAvw+hT7xHrNnTnrTGH0FT4qx9dazB9HX6D04L4PXmVOyynqi+oEQ==}
    cpu: [x64]
    os: [openbsd]
    requiresBuild: true
    dev: true
    optional: true

  /esbuild-sunos-64/0.13.9:
    resolution: {integrity: sha512-9N0RjZ7cElE8ifrS0nBrLQgBMQNPiIIKO2GzLXy7Ms8AM3KjfLiV2G2+9O0B9paXjRAHchIwazTeOyeWb1vyWA==}
    cpu: [x64]
    os: [sunos]
    requiresBuild: true
    dev: true
    optional: true

  /esbuild-windows-32/0.13.9:
    resolution: {integrity: sha512-awxWs1kns+RfjhqBbTbdlePjqZrAE2XMaAQJNg9dtu+C7ghC3QKsqXbu0C26OuF5YeAdJcq9q+IdG6WPLjvj9w==}
    cpu: [ia32]
    os: [win32]
    requiresBuild: true
    dev: true
    optional: true

  /esbuild-windows-64/0.13.9:
    resolution: {integrity: sha512-VmA9GQMCzOr8rFfD72Dum1+AWhJui7ZO6sYwp6rBHYu4vLmWITTSUsd/zgXXmZuHBPkkvxLJLF8XsKFCRKflJA==}
    cpu: [x64]
    os: [win32]
    requiresBuild: true
    dev: true
    optional: true

  /esbuild-windows-arm64/0.13.9:
    resolution: {integrity: sha512-P/jPY2JwmTpgEPh9BkXpCe690tcDSSo0K9BHTniSeEAEz26kPpqldVa4XDm0R+hNnFA7ecEgNskr4QAxE1ry0w==}
    cpu: [arm64]
    os: [win32]
    requiresBuild: true
    dev: true
    optional: true

  /esbuild/0.13.9:
    resolution: {integrity: sha512-8bYcckmisXjGvBMeylp1PRtu21uOoCDFAgXGGF2BR241zYQDN6ZLNvcmQlnQ7olG0p6PRWmJI8WVH3ca8viPuw==}
    hasBin: true
    requiresBuild: true
    optionalDependencies:
      esbuild-android-arm64: 0.13.9
      esbuild-darwin-64: 0.13.9
      esbuild-darwin-arm64: 0.13.9
      esbuild-freebsd-64: 0.13.9
      esbuild-freebsd-arm64: 0.13.9
      esbuild-linux-32: 0.13.9
      esbuild-linux-64: 0.13.9
      esbuild-linux-arm: 0.13.9
      esbuild-linux-arm64: 0.13.9
      esbuild-linux-mips64le: 0.13.9
      esbuild-linux-ppc64le: 0.13.9
      esbuild-netbsd-64: 0.13.9
      esbuild-openbsd-64: 0.13.9
      esbuild-sunos-64: 0.13.9
      esbuild-windows-32: 0.13.9
      esbuild-windows-64: 0.13.9
      esbuild-windows-arm64: 0.13.9
    dev: true

  /header-range-parser/1.1.1:
    resolution: {integrity: sha512-aVuAHdlgxPCMkOtKTdUoH72eAHEAqmZqA+oQxvDv1DkYS50KgCt218AYd89/+Pd7+TFQimzn/9LNVfUPEBbRDQ==}
    engines: {node: '>=12.22.0'}
    dev: false

  /ipaddr.js/2.0.1:
    resolution: {integrity: sha512-1qTgH9NG+IIJ4yfKs2e6Pp1bZg8wbDbKHT21HrLIeYBTRLgMYKnMTPAuI3Lcs61nfx5h1xlXnbJtH1kX5/d/ng==}
    engines: {node: '>= 10'}
    dev: false

  /mime-db/1.50.0:
    resolution: {integrity: sha512-9tMZCDlYHqeERXEHO9f/hKfNXhre5dK2eE/krIvUjZbS2KPcqGDfNShIWS1uW9XOTKQKqK6qbeOci18rbfW77A==}
    engines: {node: '>= 0.6'}
    dev: false

  /negotiator/0.6.2:
    resolution: {integrity: sha512-hZXc7K2e+PgeI1eDBe/10Ard4ekbfrrqG8Ep+8Jmf4JID2bNg7NvCPOZN+kfF574pFQI7mum2AUqDidoKqcTOw==}
    engines: {node: '>= 0.6'}
    dev: false

  /prisma/3.3.0:
    resolution: {integrity: sha512-E7C9mXRwZVpcnSeJT533qGHUVrYULsE9ihFvAtQMuxhTXkxoRlMLyo/1ZOyeu9GdXP8DJ7ruLOw06kEs/N3dVg==}
    engines: {node: '>=12.6'}
    hasBin: true
    requiresBuild: true
    dependencies:
      '@prisma/engines': 3.3.0-30.33838b0f78f1fe9052cf9a00e9761c9dc097a63c
    dev: false

  /regexparam/2.0.0:
    resolution: {integrity: sha512-gJKwd2MVPWHAIFLsaYDZfyKzHNS4o7E/v8YmNf44vmeV2e4YfVoDToTOKTvE7ab68cRJ++kLuEXJBaEeJVt5ow==}
    engines: {node: '>=8'}
    dev: false

  /tsm/2.1.3:
    resolution: {integrity: sha512-kz7tS1leoDeIlDbRoHahgfJlQLfl1glYX1fAf7lBuAh2Wjh0EAnDw6UwiC4PXwbpbVsWZtEG1csAZSujcIVuEQ==}
    engines: {node: '>=12'}
    hasBin: true
    dependencies:
      esbuild: 0.13.9
    dev: true
